
Microsoft Visual Studio Solution File, Format Version 12.00
# Visual Studio Version 16
VisualStudioVersion = 16.0.31624.102
MinimumVisualStudioVersion = 10.0.40219.1
Project("{FAE04EC0-301F-11D3-BF4B-00C04F79EFBC}") = "BlueBadge.WebAPI", "BlueBadge.WebAPI\BlueBadge.WebAPI.csproj", "{F4E6FC03-89FA-47D1-9DDB-50B8E580148B}"
EndProject
Project("{FAE04EC0-301F-11D3-BF4B-00C04F79EFBC}") = "BlueBadge.Data", "BlueBadge.Data\BlueBadge.Data.csproj", "{9C9EC63D-A872-4D4F-9425-CE4512F8263A}"
EndProject
Project("{FAE04EC0-301F-11D3-BF4B-00C04F79EFBC}") = "BlueBadge.Models", "BlueBadge.Models\BlueBadge.Models.csproj", "{3F30818F-C0B0-4C4A-AD70-C6DC54C545C8}"
EndProject
Project("{FAE04EC0-301F-11D3-BF4B-00C04F79EFBC}") = "BlueBadge.Services", "BlueBadge.Services\BlueBadge.Services.csproj", "{056F680F-5DC3-4A56-A308-FE9AFBA341A2}"
EndProject
Project("{2150E333-8FDC-42A3-9474-1A3956D46DE8}") = "Solution Items", "Solution Items", "{342AF2C1-7C8C-4417-BD91-1488CEA5363E}"
	ProjectSection(SolutionItems) = preProject
		README.md = README.md
	EndProjectSection
EndProject
Project("{FAE04EC0-301F-11D3-BF4B-00C04F79EFBC}") = "BlueBadge.Console", "BlueBadge.Console\BlueBadge.Console.csproj", "{5B02B14B-3B91-4907-AABA-2A6D57D8C43C}"
EndProject
Global
	GlobalSection(SolutionConfigurationPlatforms) = preSolution
		Debug|Any CPU = Debug|Any CPU
		Release|Any CPU = Release|Any CPU
	EndGlobalSection
	GlobalSection(ProjectConfigurationPlatforms) = postSolution
		{F4E6FC03-89FA-47D1-9DDB-50B8E580148B}.Debug|Any CPU.ActiveCfg = Debug|Any CPU
		{F4E6FC03-89FA-47D1-9DDB-50B8E580148B}.Debug|Any CPU.Build.0 = Debug|Any CPU
		{F4E6FC03-89FA-47D1-9DDB-50B8E580148B}.Release|Any CPU.ActiveCfg = Release|Any CPU
		{F4E6FC03-89FA-47D1-9DDB-50B8E580148B}.Release|Any CPU.Build.0 = Release|Any CPU
		{9C9EC63D-A872-4D4F-9425-CE4512F8263A}.Debug|Any CPU.ActiveCfg = Debug|Any CPU
		{9C9EC63D-A872-4D4F-9425-CE4512F8263A}.Debug|Any CPU.Build.0 = Debug|Any CPU
		{9C9EC63D-A872-4D4F-9425-CE4512F8263A}.Release|Any CPU.ActiveCfg = Release|Any CPU
		{9C9EC63D-A872-4D4F-9425-CE4512F8263A}.Release|Any CPU.Build.0 = Release|Any CPU
		{3F30818F-C0B0-4C4A-AD70-C6DC54C545C8}.Debug|Any CPU.ActiveCfg = Debug|Any CPU
		{3F30818F-C0B0-4C4A-AD70-C6DC54C545C8}.Debug|Any CPU.Build.0 = Debug|Any CPU
		{3F30818F-C0B0-4C4A-AD70-C6DC54C545C8}.Release|Any CPU.ActiveCfg = Release|Any CPU
		{3F30818F-C0B0-4C4A-AD70-C6DC54C545C8}.Release|Any CPU.Build.0 = Release|Any CPU
		{056F680F-5DC3-4A56-A308-FE9AFBA341A2}.Debug|Any CPU.ActiveCfg = Debug|Any CPU
		{056F680F-5DC3-4A56-A308-FE9AFBA341A2}.Debug|Any CPU.Build.0 = Debug|Any CPU
		{056F680F-5DC3-4A56-A308-FE9AFBA341A2}.Release|Any CPU.ActiveCfg = Release|Any CPU
		{056F680F-5DC3-4A56-A308-FE9AFBA341A2}.Release|Any CPU.Build.0 = Release|Any CPU
		{5B02B14B-3B91-4907-AABA-2A6D57D8C43C}.Debug|Any CPU.ActiveCfg = Debug|Any CPU
		{5B02B14B-3B91-4907-AABA-2A6D57D8C43C}.Debug|Any CPU.Build.0 = Debug|Any CPU
		{5B02B14B-3B91-4907-AABA-2A6D57D8C43C}.Release|Any CPU.ActiveCfg = Release|Any CPU
		{5B02B14B-3B91-4907-AABA-2A6D57D8C43C}.Release|Any CPU.Build.0 = Release|Any CPU
	EndGlobalSection
	GlobalSection(SolutionProperties) = preSolution
		HideSolutionNode = FALSE
	EndGlobalSection
	GlobalSection(ExtensibilityGlobals) = postSolution
		SolutionGuid = {A2FA0EC2-D999-4AEF-8EF1-1754A80F8FF0}
	EndGlobalSection
EndGlobal
